<?xml version="1.0" encoding="UTF-8"?>
<Scheme
   LastUpgradeVersion = "0900"
   version = "1.7">
   <BuildAction
      parallelizeBuildables = "YES"
      buildImplicitDependencies = "YES">
      <BuildActionEntries>
         <BuildActionEntry
            buildForTesting = "YES"
            buildForRunning = "YES"
            buildForProfiling = "YES"
            buildForArchiving = "YES"
            buildForAnalyzing = "YES">
            <BuildableReference
               BuildableIdentifier = "primary"
               BlueprintIdentifier = "F85364F51F8592FE00C0FEC3"
               BuildableName = "Maze-Adventure"
               BlueprintName = "Maze-Adventure"
               ReferencedContainer = "container:Maze-Adventure.xcodeproj">
            </BuildableReference>
         </BuildActionEntry>
      </BuildActionEntries>
   </BuildAction>
   <TestAction
      buildConfiguration = "Debug"
      selectedDebuggerIdentifier = "Xcode.DebuggerFoundation.Debugger.LLDB"
      selectedLauncherIdentifier = "Xcode.DebuggerFoundation.Launcher.LLDB"
      language = ""
      shouldUseLaunchSchemeArgsEnv = "NO">
      <Testables>
      </Testables>
      <MacroExpansion>
         <BuildableReference
            BuildableIdentifier = "primary"
            BlueprintIdentifier = "F85364F51F8592FE00C0FEC3"
            BuildableName = "Maze-Adventure"
            BlueprintName = "Maze-Adventure"
            ReferencedContainer = "container:Maze-Adventure.xcodeproj">
         </BuildableReference>
      </MacroExpansion>
      <AdditionalOptions>
      </AdditionalOptions>
   </TestAction>
   <LaunchAction
      buildConfiguration = "Release"
      selectedDebuggerIdentifier = ""
      selectedLauncherIdentifier = "Xcode.IDEFoundation.Launcher.PosixSpawn"
      language = ""
      launchStyle = "0"
      useCustomWorkingDirectory = "NO"
      customWorkingDirectory = "/Users/gfshupe01/Desktop/Maze-Adventure/Maze-Adventure"
      ignoresPersistentStateOnLaunch = "YES"
      debugDocumentVersioning = "YES"
      debugServiceExtension = "internal"
      allowLocationSimulation = "YES">
      <PostActions>
         <ExecutionAction
            ActionType = "Xcode.IDEStandardExecutionActionsCore.ExecutionActionType.ShellScriptAction">
            <ActionContent
               title = "Run Script"
               scriptText = "ifconfig">
               <EnvironmentBuildable>
                  <BuildableReference
                     BuildableIdentifier = "primary"
                     BlueprintIdentifier = "F85364F51F8592FE00C0FEC3"
                     BuildableName = "Maze-Adventure"
                     BlueprintName = "Maze-Adventure"
                     ReferencedContainer = "container:Maze-Adventure.xcodeproj">
                  </BuildableReference>
               </EnvironmentBuildable>
            </ActionContent>
         </ExecutionAction>
      </PostActions>
      <PathRunnable
         runnableDebuggingMode = "0"
         BundleIdentifier = "com.apple.Terminal"
         FilePath = "/Applications/Utilities/Terminal.app">
      </PathRunnable>
      <MacroExpansion>
         <BuildableReference
            BuildableIdentifier = "primary"
            BlueprintIdentifier = "F85364F51F8592FE00C0FEC3"
            BuildableName = "Maze-Adventure"
            BlueprintName = "Maze-Adventure"
            ReferencedContainer = "container:Maze-Adventure.xcodeproj">
         </BuildableReference>
      </MacroExpansion>
      <CommandLineArguments>
         <CommandLineArgument
            argument = "${BUILT_PRODUCTS_DIR}/${FULL_PRODUCT_NAME}"
            isEnabled = "YES">
         </CommandLineArgument>
      </CommandLineArguments>
      <AdditionalOptions>
      </AdditionalOptions>
      <LocationScenarioReference
         identifier = "com.apple.dt.IDEFoundation.CurrentLocationScenarioIdentifier"
         referenceType = "1">
      </LocationScenarioReference>
   </LaunchAction>
   <ProfileAction
      buildConfiguration = "Release"
      shouldUseLaunchSchemeArgsEnv = "YES"
      savedToolIdentifier = ""
      useCustomWorkingDirectory = "NO"
      debugDocumentVersioning = "YES">
      <BuildableProductRunnable
         runnableDebuggingMode = "0">
         <BuildableReference
            BuildableIdentifier = "primary"
            BlueprintIdentifier = "F85364F51F8592FE00C0FEC3"
            BuildableName = "Maze-Adventure"
            BlueprintName = "Maze-Adventure"
            ReferencedContainer = "container:Maze-Adventure.xcodeproj">
         </BuildableReference>
      </BuildableProductRunnable>
   </ProfileAction>
   <AnalyzeAction
      buildConfiguration = "Debug">
   </AnalyzeAction>
   <ArchiveAction
      buildConfiguration = "Release"
      revealArchiveInOrganizer = "YES">
   </ArchiveAction>
</Scheme>
